
Microsoft Visual Studio Solution File, Format Version 12.00
# Visual Studio Version 17
VisualStudioVersion = 17.8.34330.188
MinimumVisualStudioVersion = 10.0.40219.1
Project("{FAE04EC0-301F-11D3-BF4B-00C04F79EFBC}") = "QuanLiSinhVien", "QuanLiSinhVien\QuanLiSinhVien.csproj", "{EC37836D-18C4-49F7-8DF9-79052F6FE990}"
EndProject
Global
	GlobalSection(SolutionConfigurationPlatforms) = preSolution
		Debug|Any CPU = Debug|Any CPU
		Release|Any CPU = Release|Any CPU
	EndGlobalSection
	GlobalSection(ProjectConfigurationPlatforms) = postSolution
		{EC37836D-18C4-49F7-8DF9-79052F6FE990}.Debug|Any CPU.ActiveCfg = Debug|Any CPU
		{EC37836D-18C4-49F7-8DF9-79052F6FE990}.Debug|Any CPU.Build.0 = Debug|Any CPU
		{EC37836D-18C4-49F7-8DF9-79052F6FE990}.Release|Any CPU.ActiveCfg = Release|Any CPU
		{EC37836D-18C4-49F7-8DF9-79052F6FE990}.Release|Any CPU.Build.0 = Release|Any CPU
	EndGlobalSection
	GlobalSection(SolutionProperties) = preSolution
		HideSolutionNode = FALSE
	EndGlobalSection
	GlobalSection(ExtensibilityGlobals) = postSolution
		SolutionGuid = {98362635-1893-4722-ABDE-FCA91845DC90}
	EndGlobalSection
EndGlobal
